
Microsoft Visual Studio Solution File, Format Version 12.00
# Visual Studio Version 16
VisualStudioVersion = 16.0.29418.71
MinimumVisualStudioVersion = 10.0.40219.1
Project("{FAE04EC0-301F-11D3-BF4B-00C04F79EFBC}") = "ValueReferenceTypes", "ValueReferenceTypes\ValueReferenceTypes.csproj", "{B0EF1C9F-A9A0-4DD5-A53E-F49C3BBD809A}"
EndProject
Project("{FAE04EC0-301F-11D3-BF4B-00C04F79EFBC}") = "ValueType", "ValueType\ValueType.csproj", "{26348019-32FA-4F93-AA52-9F90247236CA}"
EndProject
Project("{FAE04EC0-301F-11D3-BF4B-00C04F79EFBC}") = "ReferenceType", "ReferenceType\ReferenceType.csproj", "{C566DC72-BBA7-4825-87EA-14F261212078}"
EndProject
Project("{FAE04EC0-301F-11D3-BF4B-00C04F79EFBC}") = "ValueRef", "ValueRef\ValueRef.csproj", "{835B894F-6B83-427E-A1AB-47D0D724F1DE}"
EndProject
Project("{2150E333-8FDC-42A3-9474-1A3956D46DE8}") = "Trabalhando com Tipos e Objetos", "Trabalhando com Tipos e Objetos", "{1A5086CC-B18F-4A48-94A9-2B8AAEBDA58F}"
EndProject
Project("{FAE04EC0-301F-11D3-BF4B-00C04F79EFBC}") = "EstruturasCSharp", "EstruturasCSharp\EstruturasCSharp.csproj", "{E531DDA0-D3AB-404D-97EA-057C6C920C67}"
EndProject
Project("{FAE04EC0-301F-11D3-BF4B-00C04F79EFBC}") = "Construtores", "Construtores\Construtores.csproj", "{45995E04-97EA-4881-91A2-5D9F2F790AE1}"
EndProject
Project("{FAE04EC0-301F-11D3-BF4B-00C04F79EFBC}") = "GetSetTradicional", "GetSetTradicional\GetSetTradicional.csproj", "{8D59FDBC-3226-4573-948B-8F3C1742D980}"
EndProject
Project("{FAE04EC0-301F-11D3-BF4B-00C04F79EFBC}") = "Propriedades", "Propriedades\Propriedades.csproj", "{40284D68-FA14-4C0C-AF8C-C814B9942F16}"
EndProject
Project("{FAE04EC0-301F-11D3-BF4B-00C04F79EFBC}") = "PropriedadesAutomaticas", "PropriedadesAutomaticas\PropriedadesAutomaticas.csproj", "{E502A0FD-CB71-4B9B-9BF9-8FC26A9A7D9D}"
EndProject
Project("{FAE04EC0-301F-11D3-BF4B-00C04F79EFBC}") = "ObjectInitializers", "ObjectInitializers\ObjectInitializers.csproj", "{6B640FF6-EC8F-4A6A-9757-A6E87B82710E}"
EndProject
Project("{FAE04EC0-301F-11D3-BF4B-00C04F79EFBC}") = "TypeInferenceDynamic", "TypeInference_Dynamic\TypeInferenceDynamic.csproj", "{49F1E887-203C-4EF9-A80F-0BD288AC47A5}"
EndProject
Project("{FAE04EC0-301F-11D3-BF4B-00C04F79EFBC}") = "ClassesEstaticas", "ClassesEstaticas\ClassesEstaticas.csproj", "{BE16528D-2EE5-4DCF-B546-1B48D5A553D9}"
EndProject
Project("{FAE04EC0-301F-11D3-BF4B-00C04F79EFBC}") = "ExtensaoDeClasses", "ExtensaoDeClasses\ExtensaoDeClasses.csproj", "{BDCF644A-CAD3-4555-91C4-1B3BE68DEF98}"
EndProject
Project("{FAE04EC0-301F-11D3-BF4B-00C04F79EFBC}") = "ClassesParciais", "ClassesParciais\ClassesParciais.csproj", "{5258D718-DD3E-4D9E-8EBB-4723346A0EF6}"
EndProject
Project("{FAE04EC0-301F-11D3-BF4B-00C04F79EFBC}") = "ClassesGenericas", "ClassesGenericas\ClassesGenericas.csproj", "{91DA0C83-B976-4A27-A962-FD4F02EF2358}"
EndProject
Project("{FAE04EC0-301F-11D3-BF4B-00C04F79EFBC}") = "ParametrosNomeados", "ParametrosNomeados\ParametrosNomeados.csproj", "{404CDA97-CB46-4115-BF38-4D9023F67699}"
EndProject
Project("{2150E333-8FDC-42A3-9474-1A3956D46DE8}") = "NetCore", "NetCore", "{DEEBC848-4E13-4E0A-8305-720BEFDFE43F}"
EndProject
Project("{9A19103F-16F7-4668-BE54-9A1E7A4F7556}") = "ParametrosOpcionais", "ParametrosOpcionais\ParametrosOpcionais.csproj", "{2270BE0A-71A2-4908-8F49-609A7CD8D1DD}"
EndProject
Project("{9A19103F-16F7-4668-BE54-9A1E7A4F7556}") = "ValueRefCore", "ValueRefCore\ValueRefCore.csproj", "{1E4339AF-33BB-4EB4-8EAE-D39C5402A7C4}"
EndProject
Project("{FAE04EC0-301F-11D3-BF4B-00C04F79EFBC}") = "ParametrosSobrecarga", "ParametrosSobrecarga\ParametrosSobrecarga.csproj", "{8EDCC709-1782-424C-B7BC-FE8739A54302}"
EndProject
Global
	GlobalSection(SolutionConfigurationPlatforms) = preSolution
		Debug|Any CPU = Debug|Any CPU
		Release|Any CPU = Release|Any CPU
	EndGlobalSection
	GlobalSection(ProjectConfigurationPlatforms) = postSolution
		{B0EF1C9F-A9A0-4DD5-A53E-F49C3BBD809A}.Debug|Any CPU.ActiveCfg = Debug|Any CPU
		{B0EF1C9F-A9A0-4DD5-A53E-F49C3BBD809A}.Debug|Any CPU.Build.0 = Debug|Any CPU
		{B0EF1C9F-A9A0-4DD5-A53E-F49C3BBD809A}.Release|Any CPU.ActiveCfg = Release|Any CPU
		{B0EF1C9F-A9A0-4DD5-A53E-F49C3BBD809A}.Release|Any CPU.Build.0 = Release|Any CPU
		{26348019-32FA-4F93-AA52-9F90247236CA}.Debug|Any CPU.ActiveCfg = Debug|Any CPU
		{26348019-32FA-4F93-AA52-9F90247236CA}.Debug|Any CPU.Build.0 = Debug|Any CPU
		{26348019-32FA-4F93-AA52-9F90247236CA}.Release|Any CPU.ActiveCfg = Release|Any CPU
		{26348019-32FA-4F93-AA52-9F90247236CA}.Release|Any CPU.Build.0 = Release|Any CPU
		{C566DC72-BBA7-4825-87EA-14F261212078}.Debug|Any CPU.ActiveCfg = Debug|Any CPU
		{C566DC72-BBA7-4825-87EA-14F261212078}.Debug|Any CPU.Build.0 = Debug|Any CPU
		{C566DC72-BBA7-4825-87EA-14F261212078}.Release|Any CPU.ActiveCfg = Release|Any CPU
		{C566DC72-BBA7-4825-87EA-14F261212078}.Release|Any CPU.Build.0 = Release|Any CPU
		{835B894F-6B83-427E-A1AB-47D0D724F1DE}.Debug|Any CPU.ActiveCfg = Debug|Any CPU
		{835B894F-6B83-427E-A1AB-47D0D724F1DE}.Debug|Any CPU.Build.0 = Debug|Any CPU
		{835B894F-6B83-427E-A1AB-47D0D724F1DE}.Release|Any CPU.ActiveCfg = Release|Any CPU
		{835B894F-6B83-427E-A1AB-47D0D724F1DE}.Release|Any CPU.Build.0 = Release|Any CPU
		{E531DDA0-D3AB-404D-97EA-057C6C920C67}.Debug|Any CPU.ActiveCfg = Debug|Any CPU
		{E531DDA0-D3AB-404D-97EA-057C6C920C67}.Debug|Any CPU.Build.0 = Debug|Any CPU
		{E531DDA0-D3AB-404D-97EA-057C6C920C67}.Release|Any CPU.ActiveCfg = Release|Any CPU
		{E531DDA0-D3AB-404D-97EA-057C6C920C67}.Release|Any CPU.Build.0 = Release|Any CPU
		{45995E04-97EA-4881-91A2-5D9F2F790AE1}.Debug|Any CPU.ActiveCfg = Debug|Any CPU
		{45995E04-97EA-4881-91A2-5D9F2F790AE1}.Debug|Any CPU.Build.0 = Debug|Any CPU
		{45995E04-97EA-4881-91A2-5D9F2F790AE1}.Release|Any CPU.ActiveCfg = Release|Any CPU
		{45995E04-97EA-4881-91A2-5D9F2F790AE1}.Release|Any CPU.Build.0 = Release|Any CPU
		{8D59FDBC-3226-4573-948B-8F3C1742D980}.Debug|Any CPU.ActiveCfg = Debug|Any CPU
		{8D59FDBC-3226-4573-948B-8F3C1742D980}.Debug|Any CPU.Build.0 = Debug|Any CPU
		{8D59FDBC-3226-4573-948B-8F3C1742D980}.Release|Any CPU.ActiveCfg = Release|Any CPU
		{8D59FDBC-3226-4573-948B-8F3C1742D980}.Release|Any CPU.Build.0 = Release|Any CPU
		{40284D68-FA14-4C0C-AF8C-C814B9942F16}.Debug|Any CPU.ActiveCfg = Debug|Any CPU
		{40284D68-FA14-4C0C-AF8C-C814B9942F16}.Debug|Any CPU.Build.0 = Debug|Any CPU
		{40284D68-FA14-4C0C-AF8C-C814B9942F16}.Release|Any CPU.ActiveCfg = Release|Any CPU
		{40284D68-FA14-4C0C-AF8C-C814B9942F16}.Release|Any CPU.Build.0 = Release|Any CPU
		{E502A0FD-CB71-4B9B-9BF9-8FC26A9A7D9D}.Debug|Any CPU.ActiveCfg = Debug|Any CPU
		{E502A0FD-CB71-4B9B-9BF9-8FC26A9A7D9D}.Debug|Any CPU.Build.0 = Debug|Any CPU
		{E502A0FD-CB71-4B9B-9BF9-8FC26A9A7D9D}.Release|Any CPU.ActiveCfg = Release|Any CPU
		{E502A0FD-CB71-4B9B-9BF9-8FC26A9A7D9D}.Release|Any CPU.Build.0 = Release|Any CPU
		{6B640FF6-EC8F-4A6A-9757-A6E87B82710E}.Debug|Any CPU.ActiveCfg = Debug|Any CPU
		{6B640FF6-EC8F-4A6A-9757-A6E87B82710E}.Debug|Any CPU.Build.0 = Debug|Any CPU
		{6B640FF6-EC8F-4A6A-9757-A6E87B82710E}.Release|Any CPU.ActiveCfg = Release|Any CPU
		{6B640FF6-EC8F-4A6A-9757-A6E87B82710E}.Release|Any CPU.Build.0 = Release|Any CPU
		{49F1E887-203C-4EF9-A80F-0BD288AC47A5}.Debug|Any CPU.ActiveCfg = Debug|Any CPU
		{49F1E887-203C-4EF9-A80F-0BD288AC47A5}.Debug|Any CPU.Build.0 = Debug|Any CPU
		{49F1E887-203C-4EF9-A80F-0BD288AC47A5}.Release|Any CPU.ActiveCfg = Release|Any CPU
		{49F1E887-203C-4EF9-A80F-0BD288AC47A5}.Release|Any CPU.Build.0 = Release|Any CPU
		{BE16528D-2EE5-4DCF-B546-1B48D5A553D9}.Debug|Any CPU.ActiveCfg = Debug|Any CPU
		{BE16528D-2EE5-4DCF-B546-1B48D5A553D9}.Debug|Any CPU.Build.0 = Debug|Any CPU
		{BE16528D-2EE5-4DCF-B546-1B48D5A553D9}.Release|Any CPU.ActiveCfg = Release|Any CPU
		{BE16528D-2EE5-4DCF-B546-1B48D5A553D9}.Release|Any CPU.Build.0 = Release|Any CPU
		{BDCF644A-CAD3-4555-91C4-1B3BE68DEF98}.Debug|Any CPU.ActiveCfg = Debug|Any CPU
		{BDCF644A-CAD3-4555-91C4-1B3BE68DEF98}.Debug|Any CPU.Build.0 = Debug|Any CPU
		{BDCF644A-CAD3-4555-91C4-1B3BE68DEF98}.Release|Any CPU.ActiveCfg = Release|Any CPU
		{BDCF644A-CAD3-4555-91C4-1B3BE68DEF98}.Release|Any CPU.Build.0 = Release|Any CPU
		{5258D718-DD3E-4D9E-8EBB-4723346A0EF6}.Debug|Any CPU.ActiveCfg = Debug|Any CPU
		{5258D718-DD3E-4D9E-8EBB-4723346A0EF6}.Debug|Any CPU.Build.0 = Debug|Any CPU
		{5258D718-DD3E-4D9E-8EBB-4723346A0EF6}.Release|Any CPU.ActiveCfg = Release|Any CPU
		{5258D718-DD3E-4D9E-8EBB-4723346A0EF6}.Release|Any CPU.Build.0 = Release|Any CPU
		{91DA0C83-B976-4A27-A962-FD4F02EF2358}.Debug|Any CPU.ActiveCfg = Debug|Any CPU
		{91DA0C83-B976-4A27-A962-FD4F02EF2358}.Debug|Any CPU.Build.0 = Debug|Any CPU
		{91DA0C83-B976-4A27-A962-FD4F02EF2358}.Release|Any CPU.ActiveCfg = Release|Any CPU
		{91DA0C83-B976-4A27-A962-FD4F02EF2358}.Release|Any CPU.Build.0 = Release|Any CPU
		{404CDA97-CB46-4115-BF38-4D9023F67699}.Debug|Any CPU.ActiveCfg = Debug|Any CPU
		{404CDA97-CB46-4115-BF38-4D9023F67699}.Debug|Any CPU.Build.0 = Debug|Any CPU
		{404CDA97-CB46-4115-BF38-4D9023F67699}.Release|Any CPU.ActiveCfg = Release|Any CPU
		{404CDA97-CB46-4115-BF38-4D9023F67699}.Release|Any CPU.Build.0 = Release|Any CPU
		{2270BE0A-71A2-4908-8F49-609A7CD8D1DD}.Debug|Any CPU.ActiveCfg = Debug|Any CPU
		{2270BE0A-71A2-4908-8F49-609A7CD8D1DD}.Debug|Any CPU.Build.0 = Debug|Any CPU
		{2270BE0A-71A2-4908-8F49-609A7CD8D1DD}.Release|Any CPU.ActiveCfg = Release|Any CPU
		{2270BE0A-71A2-4908-8F49-609A7CD8D1DD}.Release|Any CPU.Build.0 = Release|Any CPU
		{1E4339AF-33BB-4EB4-8EAE-D39C5402A7C4}.Debug|Any CPU.ActiveCfg = Debug|Any CPU
		{1E4339AF-33BB-4EB4-8EAE-D39C5402A7C4}.Debug|Any CPU.Build.0 = Debug|Any CPU
		{1E4339AF-33BB-4EB4-8EAE-D39C5402A7C4}.Release|Any CPU.ActiveCfg = Release|Any CPU
		{1E4339AF-33BB-4EB4-8EAE-D39C5402A7C4}.Release|Any CPU.Build.0 = Release|Any CPU
		{8EDCC709-1782-424C-B7BC-FE8739A54302}.Debug|Any CPU.ActiveCfg = Debug|Any CPU
		{8EDCC709-1782-424C-B7BC-FE8739A54302}.Debug|Any CPU.Build.0 = Debug|Any CPU
		{8EDCC709-1782-424C-B7BC-FE8739A54302}.Release|Any CPU.ActiveCfg = Release|Any CPU
		{8EDCC709-1782-424C-B7BC-FE8739A54302}.Release|Any CPU.Build.0 = Release|Any CPU
	EndGlobalSection
	GlobalSection(SolutionProperties) = preSolution
		HideSolutionNode = FALSE
	EndGlobalSection
	GlobalSection(NestedProjects) = preSolution
		{B0EF1C9F-A9A0-4DD5-A53E-F49C3BBD809A} = {1A5086CC-B18F-4A48-94A9-2B8AAEBDA58F}
		{26348019-32FA-4F93-AA52-9F90247236CA} = {1A5086CC-B18F-4A48-94A9-2B8AAEBDA58F}
		{C566DC72-BBA7-4825-87EA-14F261212078} = {1A5086CC-B18F-4A48-94A9-2B8AAEBDA58F}
		{835B894F-6B83-427E-A1AB-47D0D724F1DE} = {1A5086CC-B18F-4A48-94A9-2B8AAEBDA58F}
		{E531DDA0-D3AB-404D-97EA-057C6C920C67} = {1A5086CC-B18F-4A48-94A9-2B8AAEBDA58F}
		{45995E04-97EA-4881-91A2-5D9F2F790AE1} = {1A5086CC-B18F-4A48-94A9-2B8AAEBDA58F}
		{8D59FDBC-3226-4573-948B-8F3C1742D980} = {1A5086CC-B18F-4A48-94A9-2B8AAEBDA58F}
		{40284D68-FA14-4C0C-AF8C-C814B9942F16} = {1A5086CC-B18F-4A48-94A9-2B8AAEBDA58F}
		{E502A0FD-CB71-4B9B-9BF9-8FC26A9A7D9D} = {1A5086CC-B18F-4A48-94A9-2B8AAEBDA58F}
		{6B640FF6-EC8F-4A6A-9757-A6E87B82710E} = {1A5086CC-B18F-4A48-94A9-2B8AAEBDA58F}
		{49F1E887-203C-4EF9-A80F-0BD288AC47A5} = {1A5086CC-B18F-4A48-94A9-2B8AAEBDA58F}
		{BE16528D-2EE5-4DCF-B546-1B48D5A553D9} = {1A5086CC-B18F-4A48-94A9-2B8AAEBDA58F}
		{BDCF644A-CAD3-4555-91C4-1B3BE68DEF98} = {1A5086CC-B18F-4A48-94A9-2B8AAEBDA58F}
		{5258D718-DD3E-4D9E-8EBB-4723346A0EF6} = {1A5086CC-B18F-4A48-94A9-2B8AAEBDA58F}
		{91DA0C83-B976-4A27-A962-FD4F02EF2358} = {1A5086CC-B18F-4A48-94A9-2B8AAEBDA58F}
		{404CDA97-CB46-4115-BF38-4D9023F67699} = {1A5086CC-B18F-4A48-94A9-2B8AAEBDA58F}
		{DEEBC848-4E13-4E0A-8305-720BEFDFE43F} = {1A5086CC-B18F-4A48-94A9-2B8AAEBDA58F}
		{2270BE0A-71A2-4908-8F49-609A7CD8D1DD} = {DEEBC848-4E13-4E0A-8305-720BEFDFE43F}
		{1E4339AF-33BB-4EB4-8EAE-D39C5402A7C4} = {DEEBC848-4E13-4E0A-8305-720BEFDFE43F}
		{8EDCC709-1782-424C-B7BC-FE8739A54302} = {DEEBC848-4E13-4E0A-8305-720BEFDFE43F}
	EndGlobalSection
	GlobalSection(ExtensibilityGlobals) = postSolution
		SolutionGuid = {1F88E02C-655F-4E70-9C71-14641A3B3127}
	EndGlobalSection
EndGlobal
